
Microsoft Visual Studio Solution File, Format Version 12.00
# Visual Studio Version 17
VisualStudioVersion = 17.0.31717.71
MinimumVisualStudioVersion = 10.0.40219.1
Project("{9A19103F-16F7-4668-BE54-9A1E7A4F7556}") = "WebProva", "WebProva.csproj", "{5786DE7F-334F-4DA2-8C46-017DB2C3FE6B}"
EndProject
Global
	GlobalSection(SolutionConfigurationPlatforms) = preSolution
		Debug|Any CPU = Debug|Any CPU
		Release|Any CPU = Release|Any CPU
	EndGlobalSection
	GlobalSection(ProjectConfigurationPlatforms) = postSolution
		{5786DE7F-334F-4DA2-8C46-017DB2C3FE6B}.Debug|Any CPU.ActiveCfg = Debug|Any CPU
		{5786DE7F-334F-4DA2-8C46-017DB2C3FE6B}.Debug|Any CPU.Build.0 = Debug|Any CPU
		{5786DE7F-334F-4DA2-8C46-017DB2C3FE6B}.Release|Any CPU.ActiveCfg = Release|Any CPU
		{5786DE7F-334F-4DA2-8C46-017DB2C3FE6B}.Release|Any CPU.Build.0 = Release|Any CPU
	EndGlobalSection
	GlobalSection(SolutionProperties) = preSolution
		HideSolutionNode = FALSE
	EndGlobalSection
	GlobalSection(ExtensibilityGlobals) = postSolution
		SolutionGuid = {73FF1743-37F9-4EA2-B10F-9992F0C808A0}
	EndGlobalSection
EndGlobal