
Microsoft Visual Studio Solution File, Format Version 12.00
# Visual Studio Version 17
VisualStudioVersion = 17.1.32328.378
MinimumVisualStudioVersion = 10.0.40219.1
Project("{9A19103F-16F7-4668-BE54-9A1E7A4F7556}") = "WebProva", "WebProva\WebProva.csproj", "{8D64ECE2-6A12-4017-8159-3499D81D35D2}"
EndProject
Project("{9A19103F-16F7-4668-BE54-9A1E7A4F7556}") = "AppCore", "AppCore\AppCore.csproj", "{F7603C78-C6B1-492F-B705-B8223AF72A7E}"
EndProject
Project("{9A19103F-16F7-4668-BE54-9A1E7A4F7556}") = "ApiWeb", "ApiWeb\ApiWeb.csproj", "{7C8FE207-4E0D-4BB5-A603-FC42AE613CC5}"
EndProject
Global
	GlobalSection(SolutionConfigurationPlatforms) = preSolution
		Debug|Any CPU = Debug|Any CPU
		Release|Any CPU = Release|Any CPU
	EndGlobalSection
	GlobalSection(ProjectConfigurationPlatforms) = postSolution
		{8D64ECE2-6A12-4017-8159-3499D81D35D2}.Debug|Any CPU.ActiveCfg = Debug|Any CPU
		{8D64ECE2-6A12-4017-8159-3499D81D35D2}.Debug|Any CPU.Build.0 = Debug|Any CPU
		{8D64ECE2-6A12-4017-8159-3499D81D35D2}.Release|Any CPU.ActiveCfg = Release|Any CPU
		{8D64ECE2-6A12-4017-8159-3499D81D35D2}.Release|Any CPU.Build.0 = Release|Any CPU
		{F7603C78-C6B1-492F-B705-B8223AF72A7E}.Debug|Any CPU.ActiveCfg = Debug|Any CPU
		{F7603C78-C6B1-492F-B705-B8223AF72A7E}.Debug|Any CPU.Build.0 = Debug|Any CPU
		{F7603C78-C6B1-492F-B705-B8223AF72A7E}.Release|Any CPU.ActiveCfg = Release|Any CPU
		{F7603C78-C6B1-492F-B705-B8223AF72A7E}.Release|Any CPU.Build.0 = Release|Any CPU
		{7C8FE207-4E0D-4BB5-A603-FC42AE613CC5}.Debug|Any CPU.ActiveCfg = Debug|Any CPU
		{7C8FE207-4E0D-4BB5-A603-FC42AE613CC5}.Debug|Any CPU.Build.0 = Debug|Any CPU
		{7C8FE207-4E0D-4BB5-A603-FC42AE613CC5}.Release|Any CPU.ActiveCfg = Release|Any CPU
		{7C8FE207-4E0D-4BB5-A603-FC42AE613CC5}.Release|Any CPU.Build.0 = Release|Any CPU
	EndGlobalSection
	GlobalSection(SolutionProperties) = preSolution
		HideSolutionNode = FALSE
	EndGlobalSection
	GlobalSection(ExtensibilityGlobals) = postSolution
		SolutionGuid = {95E79D40-4FCB-43B6-AA49-0126D907DB5B}
	EndGlobalSection
EndGlobal
